
Microsoft Visual Studio Solution File, Format Version 11.00
# Visual Studio 2010
Project("{FAE04EC0-301F-11D3-BF4B-00C04F79EFBC}") = "Assembly-CSharp", "Assembly-CSharp.csproj", "{FA31269D-8924-F456-633C-B2CAA79B2307}"
EndProject
Project("{FAE04EC0-301F-11D3-BF4B-00C04F79EFBC}") = "Assembly-CSharp-Editor", "Assembly-CSharp-Editor.csproj", "{275EB617-E42B-9D21-8A71-3A5D972B0693}"
EndProject
Global
	GlobalSection(SolutionConfigurationPlatforms) = preSolution
		Debug|Any CPU = Debug|Any CPU
		Release|Any CPU = Release|Any CPU
	EndGlobalSection
	GlobalSection(ProjectConfigurationPlatforms) = postSolution
		{FA31269D-8924-F456-633C-B2CAA79B2307}.Debug|Any CPU.ActiveCfg = Debug|Any CPU
		{FA31269D-8924-F456-633C-B2CAA79B2307}.Debug|Any CPU.Build.0 = Debug|Any CPU
		{FA31269D-8924-F456-633C-B2CAA79B2307}.Release|Any CPU.ActiveCfg = Release|Any CPU
		{FA31269D-8924-F456-633C-B2CAA79B2307}.Release|Any CPU.Build.0 = Release|Any CPU
		{275EB617-E42B-9D21-8A71-3A5D972B0693}.Debug|Any CPU.ActiveCfg = Debug|Any CPU
		{275EB617-E42B-9D21-8A71-3A5D972B0693}.Debug|Any CPU.Build.0 = Debug|Any CPU
		{275EB617-E42B-9D21-8A71-3A5D972B0693}.Release|Any CPU.ActiveCfg = Release|Any CPU
		{275EB617-E42B-9D21-8A71-3A5D972B0693}.Release|Any CPU.Build.0 = Release|Any CPU
	EndGlobalSection
	GlobalSection(SolutionProperties) = preSolution
		HideSolutionNode = FALSE
	EndGlobalSection
EndGlobal
